
Microsoft Visual Studio Solution File, Format Version 12.00
# Visual Studio Version 17
VisualStudioVersion = 17.14.36301.6
MinimumVisualStudioVersion = 10.0.40219.1
Project("{FAE04EC0-301F-11D3-BF4B-00C04F79EFBC}") = "PetCare.Api", "PetCare.Api\PetCare.Api.csproj", "{A1C38F6C-28FD-4107-A154-18367081C469}"
EndProject
Project("{E53339B2-1760-4266-BCC7-CA923CBCF16C}") = "docker-compose", "docker-compose.dcproj", "{81DDED9D-158B-E303-5F62-77A2896D2A5A}"
EndProject
Project("{FAE04EC0-301F-11D3-BF4B-00C04F79EFBC}") = "PetCare.Application", "PetCare.Application\PetCare.Application.csproj", "{121F7660-0A12-3F20-B395-B0331BE269DE}"
EndProject
Project("{FAE04EC0-301F-11D3-BF4B-00C04F79EFBC}") = "PetCare.Domain", "PetCare.Domain\PetCare.Domain.csproj", "{7439A83C-E184-2159-0906-6560874B8992}"
EndProject
Project("{FAE04EC0-301F-11D3-BF4B-00C04F79EFBC}") = "PetCare.Infrastructure", "PetCare.Infrastructure\PetCare.Infrastructure.csproj", "{262C1252-DCBD-3580-A22A-934362DA5408}"
EndProject
Project("{FAE04EC0-301F-11D3-BF4B-00C04F79EFBC}") = "PetCare.Tests", "PetCare.Tests\PetCare.Tests.csproj", "{29966DF2-2648-1847-17EC-1CDFDB2DBB0D}"
EndProject
Global
	GlobalSection(SolutionConfigurationPlatforms) = preSolution
		Debug|Any CPU = Debug|Any CPU
		Release|Any CPU = Release|Any CPU
	EndGlobalSection
	GlobalSection(ProjectConfigurationPlatforms) = postSolution
		{A1C38F6C-28FD-4107-A154-18367081C469}.Debug|Any CPU.ActiveCfg = Debug|Any CPU
		{A1C38F6C-28FD-4107-A154-18367081C469}.Debug|Any CPU.Build.0 = Debug|Any CPU
		{A1C38F6C-28FD-4107-A154-18367081C469}.Release|Any CPU.ActiveCfg = Release|Any CPU
		{A1C38F6C-28FD-4107-A154-18367081C469}.Release|Any CPU.Build.0 = Release|Any CPU
		{81DDED9D-158B-E303-5F62-77A2896D2A5A}.Debug|Any CPU.ActiveCfg = Debug|Any CPU
		{81DDED9D-158B-E303-5F62-77A2896D2A5A}.Debug|Any CPU.Build.0 = Debug|Any CPU
		{81DDED9D-158B-E303-5F62-77A2896D2A5A}.Release|Any CPU.ActiveCfg = Release|Any CPU
		{81DDED9D-158B-E303-5F62-77A2896D2A5A}.Release|Any CPU.Build.0 = Release|Any CPU
		{121F7660-0A12-3F20-B395-B0331BE269DE}.Debug|Any CPU.ActiveCfg = Debug|Any CPU
		{121F7660-0A12-3F20-B395-B0331BE269DE}.Debug|Any CPU.Build.0 = Debug|Any CPU
		{121F7660-0A12-3F20-B395-B0331BE269DE}.Release|Any CPU.ActiveCfg = Release|Any CPU
		{121F7660-0A12-3F20-B395-B0331BE269DE}.Release|Any CPU.Build.0 = Release|Any CPU
		{7439A83C-E184-2159-0906-6560874B8992}.Debug|Any CPU.ActiveCfg = Debug|Any CPU
		{7439A83C-E184-2159-0906-6560874B8992}.Debug|Any CPU.Build.0 = Debug|Any CPU
		{7439A83C-E184-2159-0906-6560874B8992}.Release|Any CPU.ActiveCfg = Release|Any CPU
		{7439A83C-E184-2159-0906-6560874B8992}.Release|Any CPU.Build.0 = Release|Any CPU
		{262C1252-DCBD-3580-A22A-934362DA5408}.Debug|Any CPU.ActiveCfg = Debug|Any CPU
		{262C1252-DCBD-3580-A22A-934362DA5408}.Debug|Any CPU.Build.0 = Debug|Any CPU
		{262C1252-DCBD-3580-A22A-934362DA5408}.Release|Any CPU.ActiveCfg = Release|Any CPU
		{262C1252-DCBD-3580-A22A-934362DA5408}.Release|Any CPU.Build.0 = Release|Any CPU
		{29966DF2-2648-1847-17EC-1CDFDB2DBB0D}.Debug|Any CPU.ActiveCfg = Debug|Any CPU
		{29966DF2-2648-1847-17EC-1CDFDB2DBB0D}.Debug|Any CPU.Build.0 = Debug|Any CPU
		{29966DF2-2648-1847-17EC-1CDFDB2DBB0D}.Release|Any CPU.ActiveCfg = Release|Any CPU
		{29966DF2-2648-1847-17EC-1CDFDB2DBB0D}.Release|Any CPU.Build.0 = Release|Any CPU
	EndGlobalSection
	GlobalSection(SolutionProperties) = preSolution
		HideSolutionNode = FALSE
	EndGlobalSection
	GlobalSection(ExtensibilityGlobals) = postSolution
		SolutionGuid = {95576049-F6C6-4C08-9F3F-3282B8CF06B9}
	EndGlobalSection
EndGlobal
